
Microsoft Visual Studio Solution File, Format Version 12.00
# Visual Studio Version 17
VisualStudioVersion = 17.12.35527.113 d17.12
MinimumVisualStudioVersion = 10.0.40219.1
Project("{FAE04EC0-301F-11D3-BF4B-00C04F79EFBC}") = "TestAPI", "TestAPI.csproj", "{C47A740A-84E3-4B7B-9C9B-86B2C92D284C}"
EndProject
Global
	GlobalSection(SolutionConfigurationPlatforms) = preSolution
		Debug|Any CPU = Debug|Any CPU
		Release|Any CPU = Release|Any CPU
	EndGlobalSection
	GlobalSection(ProjectConfigurationPlatforms) = postSolution
		{C47A740A-84E3-4B7B-9C9B-86B2C92D284C}.Debug|Any CPU.ActiveCfg = Debug|Any CPU
		{C47A740A-84E3-4B7B-9C9B-86B2C92D284C}.Debug|Any CPU.Build.0 = Debug|Any CPU
		{C47A740A-84E3-4B7B-9C9B-86B2C92D284C}.Release|Any CPU.ActiveCfg = Release|Any CPU
		{C47A740A-84E3-4B7B-9C9B-86B2C92D284C}.Release|Any CPU.Build.0 = Release|Any CPU
	EndGlobalSection
	GlobalSection(SolutionProperties) = preSolution
		HideSolutionNode = FALSE
	EndGlobalSection
EndGlobal
